
Microsoft Visual Studio Solution File, Format Version 12.00
# Visual Studio Version 17
VisualStudioVersion = 17.3.32929.385
MinimumVisualStudioVersion = 10.0.40219.1
Project("{9A19103F-16F7-4668-BE54-9A1E7A4F7556}") = "APIEvents", "APIEvents\APIEvents.csproj", "{1713C893-788F-47A9-A2AC-26D9582D5D5D}"
EndProject
Project("{9A19103F-16F7-4668-BE54-9A1E7A4F7556}") = "APIEvents.Service", "APIEvents.Service\APIEvents.Service.csproj", "{F182AAD4-6410-47BF-B5AA-45367124D583}"
EndProject
Project("{FAE04EC0-301F-11D3-BF4B-00C04F79EFBC}") = "APIEvents.Infra.Data", "APIEvents.Infra.Data\APIEvents.Infra.Data.csproj", "{2E55DACD-04BE-49E2-83B9-76D888747D6F}"
EndProject
Global
	GlobalSection(SolutionConfigurationPlatforms) = preSolution
		Debug|Any CPU = Debug|Any CPU
		Release|Any CPU = Release|Any CPU
	EndGlobalSection
	GlobalSection(ProjectConfigurationPlatforms) = postSolution
		{1713C893-788F-47A9-A2AC-26D9582D5D5D}.Debug|Any CPU.ActiveCfg = Debug|Any CPU
		{1713C893-788F-47A9-A2AC-26D9582D5D5D}.Debug|Any CPU.Build.0 = Debug|Any CPU
		{1713C893-788F-47A9-A2AC-26D9582D5D5D}.Release|Any CPU.ActiveCfg = Release|Any CPU
		{1713C893-788F-47A9-A2AC-26D9582D5D5D}.Release|Any CPU.Build.0 = Release|Any CPU
		{F182AAD4-6410-47BF-B5AA-45367124D583}.Debug|Any CPU.ActiveCfg = Debug|Any CPU
		{F182AAD4-6410-47BF-B5AA-45367124D583}.Debug|Any CPU.Build.0 = Debug|Any CPU
		{F182AAD4-6410-47BF-B5AA-45367124D583}.Release|Any CPU.ActiveCfg = Release|Any CPU
		{F182AAD4-6410-47BF-B5AA-45367124D583}.Release|Any CPU.Build.0 = Release|Any CPU
		{2E55DACD-04BE-49E2-83B9-76D888747D6F}.Debug|Any CPU.ActiveCfg = Debug|Any CPU
		{2E55DACD-04BE-49E2-83B9-76D888747D6F}.Debug|Any CPU.Build.0 = Debug|Any CPU
		{2E55DACD-04BE-49E2-83B9-76D888747D6F}.Release|Any CPU.ActiveCfg = Release|Any CPU
		{2E55DACD-04BE-49E2-83B9-76D888747D6F}.Release|Any CPU.Build.0 = Release|Any CPU
	EndGlobalSection
	GlobalSection(SolutionProperties) = preSolution
		HideSolutionNode = FALSE
	EndGlobalSection
	GlobalSection(ExtensibilityGlobals) = postSolution
		SolutionGuid = {01FD7929-40F6-4FD0-9D9F-A34BA7C70AE2}
	EndGlobalSection
EndGlobal
